
Microsoft Visual Studio Solution File, Format Version 12.00
# Visual Studio Version 17
VisualStudioVersion = 17.10.35013.160
MinimumVisualStudioVersion = 10.0.40219.1
Project("{9A19103F-16F7-4668-BE54-9A1E7A4F7556}") = "Netforemost-Todo-Api", "Netforemost-Todo-Api.csproj", "{4DF2B46F-D08A-496F-8EBD-A276273E9F39}"
EndProject
Project("{FAE04EC0-301F-11D3-BF4B-00C04F79EFBC}") = "TestTodoApi", "..\TestTodoApi\TestTodoApi.csproj", "{53F374A8-44F1-4F96-B4EC-A2FC64D54216}"
EndProject
Global
	GlobalSection(SolutionConfigurationPlatforms) = preSolution
		Debug|Any CPU = Debug|Any CPU
		Release|Any CPU = Release|Any CPU
	EndGlobalSection
	GlobalSection(ProjectConfigurationPlatforms) = postSolution
		{4DF2B46F-D08A-496F-8EBD-A276273E9F39}.Debug|Any CPU.ActiveCfg = Debug|Any CPU
		{4DF2B46F-D08A-496F-8EBD-A276273E9F39}.Debug|Any CPU.Build.0 = Debug|Any CPU
		{4DF2B46F-D08A-496F-8EBD-A276273E9F39}.Release|Any CPU.ActiveCfg = Release|Any CPU
		{4DF2B46F-D08A-496F-8EBD-A276273E9F39}.Release|Any CPU.Build.0 = Release|Any CPU
		{53F374A8-44F1-4F96-B4EC-A2FC64D54216}.Debug|Any CPU.ActiveCfg = Debug|Any CPU
		{53F374A8-44F1-4F96-B4EC-A2FC64D54216}.Debug|Any CPU.Build.0 = Debug|Any CPU
		{53F374A8-44F1-4F96-B4EC-A2FC64D54216}.Release|Any CPU.ActiveCfg = Release|Any CPU
		{53F374A8-44F1-4F96-B4EC-A2FC64D54216}.Release|Any CPU.Build.0 = Release|Any CPU
	EndGlobalSection
	GlobalSection(SolutionProperties) = preSolution
		HideSolutionNode = FALSE
	EndGlobalSection
	GlobalSection(ExtensibilityGlobals) = postSolution
		SolutionGuid = {7950B3AD-7946-458F-B695-0F812CF0B978}
	EndGlobalSection
EndGlobal
